
Microsoft Visual Studio Solution File, Format Version 12.00
# Visual Studio Version 17
VisualStudioVersion = 17.5.002.0
MinimumVisualStudioVersion = 10.0.40219.1
Project("{9A19103F-16F7-4668-BE54-9A1E7A4F7556}") = "Lesson 6", "Lesson 6.csproj", "{A54F7F31-D5A4-4D3D-9FDB-7B00C888FEEB}"
EndProject
Global
	GlobalSection(SolutionConfigurationPlatforms) = preSolution
		Debug|Any CPU = Debug|Any CPU
		Release|Any CPU = Release|Any CPU
	EndGlobalSection
	GlobalSection(ProjectConfigurationPlatforms) = postSolution
		{A54F7F31-D5A4-4D3D-9FDB-7B00C888FEEB}.Debug|Any CPU.ActiveCfg = Debug|Any CPU
		{A54F7F31-D5A4-4D3D-9FDB-7B00C888FEEB}.Debug|Any CPU.Build.0 = Debug|Any CPU
		{A54F7F31-D5A4-4D3D-9FDB-7B00C888FEEB}.Release|Any CPU.ActiveCfg = Release|Any CPU
		{A54F7F31-D5A4-4D3D-9FDB-7B00C888FEEB}.Release|Any CPU.Build.0 = Release|Any CPU
	EndGlobalSection
	GlobalSection(SolutionProperties) = preSolution
		HideSolutionNode = FALSE
	EndGlobalSection
	GlobalSection(ExtensibilityGlobals) = postSolution
		SolutionGuid = {9872079F-AA53-4D38-B160-03D721574E9C}
	EndGlobalSection
EndGlobal
